#MicroXplorer Configuration settings - do not modify
FREERTOS.BinarySemaphores01=pradeep,Dynamic,NULL
FREERTOS.FootprintOK=true
FREERTOS.IPParameters=Tasks01,configUSE_NEWLIB_REENTRANT,configUSE_IDLE_HOOK,configUSE_TICK_HOOK,configUSE_MALLOC_FAILED_HOOK,configCHECK_FOR_STACK_OVERFLOW,FootprintOK,BinarySemaphores01
FREERTOS.Tasks01=defaultTask,24,128,StartDefaultTask,Default,NULL,Dynamic,NULL,NULL;myTask02,24,128,StartTask02,Default,NULL,Dynamic,NULL,NULL
FREERTOS.configCHECK_FOR_STACK_OVERFLOW=2
FREERTOS.configUSE_IDLE_HOOK=1
FREERTOS.configUSE_MALLOC_FAILED_HOOK=1
FREERTOS.configUSE_NEWLIB_REENTRANT=1
FREERTOS.configUSE_TICK_HOOK=1
File.Version=6
GPIO.groupedBy=Group By Peripherals
KeepUserPlacement=false
Mcu.CPN=STM32F750N8H6
Mcu.Family=STM32F7
Mcu.IP0=CORTEX_M7
Mcu.IP1=FREERTOS
Mcu.IP10=UART5
Mcu.IP2=NVIC
Mcu.IP3=RCC
Mcu.IP4=SPI2
Mcu.IP5=SPI4
Mcu.IP6=SYS
Mcu.IP7=TIM1
Mcu.IP8=TIM9
Mcu.IP9=TIM12
Mcu.IPNb=11
Mcu.Name=STM32F750N8Hx
Mcu.Package=TFBGA216
Mcu.Pin0=PE4
Mcu.Pin1=PE3
Mcu.Pin10=PG10
Mcu.Pin11=PI3
Mcu.Pin12=PI2
Mcu.Pin13=PI5
Mcu.Pin14=PI7
Mcu.Pin15=PI6
Mcu.Pin16=PD2
Mcu.Pin17=PI1
Mcu.Pin18=PI9
Mcu.Pin19=PI0
Mcu.Pin2=PE2
Mcu.Pin20=PC9
Mcu.Pin21=PH0/OSC_IN
Mcu.Pin22=PH1/OSC_OUT
Mcu.Pin23=PB13
Mcu.Pin24=PB12
Mcu.Pin25=PD12
Mcu.Pin26=PD11
Mcu.Pin27=PH7
Mcu.Pin28=PH9
Mcu.Pin29=PH6
Mcu.Pin3=PC12
Mcu.Pin30=PH8
Mcu.Pin31=PB14
Mcu.Pin32=PB15
Mcu.Pin33=VP_FREERTOS_VS_CMSIS_V2
Mcu.Pin34=VP_SYS_VS_tim7
Mcu.Pin35=VP_TIM1_VS_ClockSourceINT
Mcu.Pin36=VP_TIM9_VS_ClockSourceINT
Mcu.Pin37=VP_TIM12_VS_ClockSourceINT
Mcu.Pin4=PE5
Mcu.Pin5=PE6
Mcu.Pin6=PG11
Mcu.Pin7=PI8
Mcu.Pin8=PI4
Mcu.Pin9=PG12
Mcu.PinsNb=38
Mcu.ThirdPartyNb=0
Mcu.UserConstants=
Mcu.UserName=STM32F750N8Hx
MxCube.Version=6.6.1
MxDb.Version=DB.6.0.60
NVIC.BusFault_IRQn=true\:0\:0\:false\:false\:true\:false\:false\:false\:false
NVIC.DebugMonitor_IRQn=true\:0\:0\:false\:false\:true\:false\:false\:false\:false
NVIC.EXTI15_10_IRQn=true\:5\:0\:false\:false\:true\:true\:true\:true\:true
NVIC.EXTI9_5_IRQn=true\:5\:0\:false\:false\:true\:true\:true\:true\:true
NVIC.ForceEnableDMAVector=true
NVIC.HardFault_IRQn=true\:0\:0\:false\:false\:true\:false\:false\:false\:false
NVIC.MemoryManagement_IRQn=true\:0\:0\:false\:false\:true\:false\:false\:false\:false
NVIC.NonMaskableInt_IRQn=true\:0\:0\:false\:false\:true\:false\:false\:false\:false
NVIC.PendSV_IRQn=true\:15\:0\:false\:false\:false\:true\:false\:false\:false
NVIC.PriorityGroup=NVIC_PRIORITYGROUP_4
NVIC.SVCall_IRQn=true\:0\:0\:false\:false\:false\:false\:false\:false\:false
NVIC.SavedPendsvIrqHandlerGenerated=true
NVIC.SavedSvcallIrqHandlerGenerated=true
NVIC.SavedSystickIrqHandlerGenerated=true
NVIC.SysTick_IRQn=true\:15\:0\:false\:false\:false\:true\:false\:true\:false
NVIC.TIM1_UP_TIM10_IRQn=true\:5\:0\:false\:false\:true\:true\:true\:true\:true
NVIC.TIM7_IRQn=true\:15\:0\:false\:false\:true\:false\:false\:true\:true
NVIC.TimeBase=TIM7_IRQn
NVIC.TimeBaseIP=TIM7
NVIC.UsageFault_IRQn=true\:0\:0\:false\:false\:true\:false\:false\:false\:false
PB12.GPIOParameters=GPIO_Label
PB12.GPIO_Label=CSN
PB12.Locked=true
PB12.Mode=NSS_Signal_Hard_Output
PB12.Signal=SPI2_NSS
PB13.Locked=true
PB13.Mode=Full_Duplex_Master
PB13.Signal=SPI2_SCK
PB14.Locked=true
PB14.Mode=Full_Duplex_Master
PB14.Signal=SPI2_MISO
PB15.Locked=true
PB15.Mode=Full_Duplex_Master
PB15.Signal=SPI2_MOSI
PC12.Mode=Asynchronous
PC12.Signal=UART5_TX
PC9.GPIOParameters=GPIO_PuPd,GPIO_Label,GPIO_ModeDefaultEXTI
PC9.GPIO_Label=ADC2_DRDY
PC9.GPIO_ModeDefaultEXTI=GPIO_MODE_IT_FALLING
PC9.GPIO_PuPd=GPIO_PULLUP
PC9.Locked=true
PC9.Signal=GPXTI9
PD11.GPIOParameters=GPIO_Label
PD11.GPIO_Label=RST
PD11.Locked=true
PD11.Signal=GPIO_Output
PD12.GPIOParameters=GPIO_PuPd,GPIO_Label,GPIO_ModeDefaultEXTI
PD12.GPIO_Label=DRDY
PD12.GPIO_ModeDefaultEXTI=GPIO_MODE_IT_FALLING
PD12.GPIO_PuPd=GPIO_PULLUP
PD12.Locked=true
PD12.Signal=GPXTI12
PD2.Mode=Asynchronous
PD2.Signal=UART5_RX
PE2.Mode=Full_Duplex_Master
PE2.Signal=SPI4_SCK
PE3.GPIOParameters=GPIO_Label
PE3.GPIO_Label=ADC2_RST
PE3.Locked=true
PE3.Signal=GPIO_Output
PE4.GPIOParameters=GPIO_Label
PE4.GPIO_Label=ADC2_CSN
PE4.Mode=NSS_Signal_Hard_Output
PE4.Signal=SPI4_NSS
PE5.Mode=Full_Duplex_Master
PE5.Signal=SPI4_MISO
PE6.Mode=Full_Duplex_Master
PE6.Signal=SPI4_MOSI
PG10.GPIOParameters=GPIO_Label
PG10.GPIO_Label=BTN_IN_1
PG10.Locked=true
PG10.Signal=GPIO_Input
PG11.GPIOParameters=GPIO_Label
PG11.GPIO_Label=BTN_IN_2
PG11.Locked=true
PG11.Signal=GPIO_Input
PG12.GPIOParameters=GPIO_Label
PG12.GPIO_Label=BTN_IN_3
PG12.Locked=true
PG12.Signal=GPIO_Input
PH0/OSC_IN.Mode=HSE-External-Oscillator
PH0/OSC_IN.Signal=RCC_OSC_IN
PH1/OSC_OUT.Mode=HSE-External-Oscillator
PH1/OSC_OUT.Signal=RCC_OSC_OUT
PH6.GPIOParameters=GPIO_Label
PH6.GPIO_Label=BTN_IN_4
PH6.Locked=true
PH6.Signal=GPIO_Input
PH7.GPIOParameters=GPIO_Label
PH7.GPIO_Label=BTN_IN_5
PH7.Locked=true
PH7.Signal=GPIO_Input
PH8.GPIOParameters=GPIO_Label
PH8.GPIO_Label=BTN_IN_6
PH8.Locked=true
PH8.Signal=GPIO_Input
PH9.GPIOParameters=GPIO_Label
PH9.GPIO_Label=BTN_IN_7
PH9.Locked=true
PH9.Signal=GPIO_Input
PI0.GPIOParameters=GPIO_Label
PI0.GPIO_Label=RLY_1
PI0.Locked=true
PI0.Signal=GPIO_Output
PI1.GPIOParameters=GPIO_Label
PI1.GPIO_Label=RLY_2
PI1.Locked=true
PI1.Signal=GPIO_Output
PI2.GPIOParameters=GPIO_Label
PI2.GPIO_Label=RLY_3
PI2.Locked=true
PI2.Signal=GPIO_Output
PI3.GPIOParameters=GPIO_Label
PI3.GPIO_Label=RLY_4
PI3.Locked=true
PI3.Signal=GPIO_Output
PI4.GPIOParameters=GPIO_Label
PI4.GPIO_Label=RLY_5
PI4.Locked=true
PI4.Signal=GPIO_Output
PI5.GPIOParameters=GPIO_Label
PI5.GPIO_Label=RLY_6
PI5.Locked=true
PI5.Signal=GPIO_Output
PI6.GPIOParameters=GPIO_Label
PI6.GPIO_Label=RLY_7
PI6.Locked=true
PI6.Signal=GPIO_Output
PI7.GPIOParameters=GPIO_Label
PI7.GPIO_Label=RLY_8
PI7.Locked=true
PI7.Signal=GPIO_Output
PI8.GPIOParameters=GPIO_Label
PI8.GPIO_Label=RLY_9
PI8.Locked=true
PI8.Signal=GPIO_Output
PI9.GPIOParameters=GPIO_Label
PI9.GPIO_Label=RLY_10
PI9.Locked=true
PI9.Signal=GPIO_Output
PinOutPanel.CurrentBGAView=Top
PinOutPanel.RotationAngle=0
ProjectManager.AskForMigrate=true
ProjectManager.BackupPrevious=false
ProjectManager.CompilerOptimize=6
ProjectManager.ComputerToolchain=false
ProjectManager.CoupleFile=false
ProjectManager.CustomerFirmwarePackage=
ProjectManager.DefaultFWLocation=true
ProjectManager.DeletePrevious=true
ProjectManager.DeviceId=STM32F750N8Hx
ProjectManager.FirmwarePackage=STM32Cube FW_F7 V1.17.0
ProjectManager.FreePins=false
ProjectManager.HalAssertFull=false
ProjectManager.HeapSize=0x200
ProjectManager.KeepUserCode=true
ProjectManager.LastFirmware=true
ProjectManager.LibraryCopy=1
ProjectManager.MainLocation=Core/Src
ProjectManager.NoMain=false
ProjectManager.PreviousToolchain=
ProjectManager.ProjectBuild=false
ProjectManager.ProjectFileName=custom_with_test_soruce.ioc
ProjectManager.ProjectName=custom_with_test_soruce
ProjectManager.RegisterCallBack=
ProjectManager.StackSize=0x400
ProjectManager.TargetToolchain=STM32CubeIDE
ProjectManager.ToolChainLocation=
ProjectManager.UnderRoot=true
ProjectManager.functionlistsort=1-SystemClock_Config-RCC-false-HAL-false,2-MX_GPIO_Init-GPIO-false-HAL-true,3-MX_SPI2_Init-SPI2-false-HAL-true,4-MX_UART5_Init-UART5-false-HAL-true,5-MX_SPI4_Init-SPI4-false-HAL-true,6-MX_TIM12_Init-TIM12-false-HAL-true,7-MX_TIM9_Init-TIM9-false-HAL-true,8-MX_TIM1_Init-TIM1-false-HAL-true,0-MX_CORTEX_M7_Init-CORTEX_M7-false-HAL-true
RCC.CECFreq_Value=32786.88524590164
RCC.FamilyName=M
RCC.HSE_VALUE=25000000
RCC.HSI_VALUE=16000000
RCC.I2SFreq_Value=96000000
RCC.IPParameters=CECFreq_Value,FamilyName,HSE_VALUE,HSI_VALUE,I2SFreq_Value,LCDTFToutputFreq_Value,LSE_VALUE,LSI_VALUE,PLLCLKFreq_Value,PLLI2SPCLKFreq_Value,PLLI2SQCLKFreq_Value,PLLI2SRCLKFreq_Value,PLLQCLKFreq_Value,PLLSAIPCLKFreq_Value,PLLSAIQCLKFreq_Value,PLLSAIRCLKFreq_Value,PLLSAIoutputFreq_Value,RNGFreq_Value,SAI1Freq_Value,SAI2Freq_Value,SDMMCFreq_Value,SPDIFRXFreq_Value,USBFreq_Value,VCOI2SOutputFreq_Value,VCOInputFreq_Value,VCOOutputFreq_Value,VCOSAIOutputFreq_Value
RCC.LCDTFToutputFreq_Value=48000000
RCC.LSE_VALUE=32768
RCC.LSI_VALUE=32000
RCC.PLLCLKFreq_Value=96000000
RCC.PLLI2SPCLKFreq_Value=96000000
RCC.PLLI2SQCLKFreq_Value=96000000
RCC.PLLI2SRCLKFreq_Value=96000000
RCC.PLLQCLKFreq_Value=96000000
RCC.PLLSAIPCLKFreq_Value=96000000
RCC.PLLSAIQCLKFreq_Value=96000000
RCC.PLLSAIRCLKFreq_Value=96000000
RCC.PLLSAIoutputFreq_Value=96000000
RCC.RNGFreq_Value=96000000
RCC.SAI1Freq_Value=96000000
RCC.SAI2Freq_Value=96000000
RCC.SDMMCFreq_Value=16000000
RCC.SPDIFRXFreq_Value=96000000
RCC.USBFreq_Value=96000000
RCC.VCOI2SOutputFreq_Value=192000000
RCC.VCOInputFreq_Value=1000000
RCC.VCOOutputFreq_Value=192000000
RCC.VCOSAIOutputFreq_Value=192000000
SH.GPXTI12.0=GPIO_EXTI12
SH.GPXTI12.ConfNb=1
SH.GPXTI9.0=GPIO_EXTI9
SH.GPXTI9.ConfNb=1
SPI2.BaudRatePrescaler=SPI_BAUDRATEPRESCALER_64
SPI2.CLKPhase=SPI_PHASE_2EDGE
SPI2.CalculateBaudRate=250.0 KBits/s
SPI2.DataSize=SPI_DATASIZE_8BIT
SPI2.Direction=SPI_DIRECTION_2LINES
SPI2.IPParameters=VirtualType,Mode,Direction,CalculateBaudRate,VirtualNSS,DataSize,BaudRatePrescaler,CLKPhase
SPI2.Mode=SPI_MODE_MASTER
SPI2.VirtualNSS=VM_NSSHARD
SPI2.VirtualType=VM_MASTER
SPI4.BaudRatePrescaler=SPI_BAUDRATEPRESCALER_64
SPI4.CLKPhase=SPI_PHASE_2EDGE
SPI4.CalculateBaudRate=250.0 KBits/s
SPI4.DataSize=SPI_DATASIZE_8BIT
SPI4.Direction=SPI_DIRECTION_2LINES
SPI4.IPParameters=VirtualType,Mode,Direction,CalculateBaudRate,VirtualNSS,DataSize,BaudRatePrescaler,CLKPhase
SPI4.Mode=SPI_MODE_MASTER
SPI4.VirtualNSS=VM_NSSHARD
SPI4.VirtualType=VM_MASTER
TIM1.IPParameters=Prescaler
TIM1.Prescaler=36000-1
TIM12.IPParameters=Prescaler
TIM12.Prescaler=16-1
TIM9.IPParameters=Prescaler
TIM9.Prescaler=16-1
VP_FREERTOS_VS_CMSIS_V2.Mode=CMSIS_V2
VP_FREERTOS_VS_CMSIS_V2.Signal=FREERTOS_VS_CMSIS_V2
VP_SYS_VS_tim7.Mode=TIM7
VP_SYS_VS_tim7.Signal=SYS_VS_tim7
VP_TIM12_VS_ClockSourceINT.Mode=Internal
VP_TIM12_VS_ClockSourceINT.Signal=TIM12_VS_ClockSourceINT
VP_TIM1_VS_ClockSourceINT.Mode=Internal
VP_TIM1_VS_ClockSourceINT.Signal=TIM1_VS_ClockSourceINT
VP_TIM9_VS_ClockSourceINT.Mode=Internal
VP_TIM9_VS_ClockSourceINT.Signal=TIM9_VS_ClockSourceINT
board=custom
isbadioc=false
